
Microsoft Visual Studio Solution File, Format Version 12.00
# Visual Studio Version 16
VisualStudioVersion = 16.0.28822.285
MinimumVisualStudioVersion = 10.0.40219.1
Project("{FAE04EC0-301F-11D3-BF4B-00C04F79EFBC}") = "library", "library\library.csproj", "{0A87654B-1BEF-4E06-A76B-D99E27C3615D}"
EndProject
Global
	GlobalSection(SolutionConfigurationPlatforms) = preSolution
		Debug|Any CPU = Debug|Any CPU
		Release|Any CPU = Release|Any CPU
	EndGlobalSection
	GlobalSection(ProjectConfigurationPlatforms) = postSolution
		{0A87654B-1BEF-4E06-A76B-D99E27C3615D}.Debug|Any CPU.ActiveCfg = Debug|Any CPU
		{0A87654B-1BEF-4E06-A76B-D99E27C3615D}.Debug|Any CPU.Build.0 = Debug|Any CPU
		{0A87654B-1BEF-4E06-A76B-D99E27C3615D}.Release|Any CPU.ActiveCfg = Release|Any CPU
		{0A87654B-1BEF-4E06-A76B-D99E27C3615D}.Release|Any CPU.Build.0 = Release|Any CPU
	EndGlobalSection
	GlobalSection(SolutionProperties) = preSolution
		HideSolutionNode = FALSE
	EndGlobalSection
	GlobalSection(ExtensibilityGlobals) = postSolution
		SolutionGuid = {8C2B98B4-D33E-4D0E-89B1-972EC34B5F1A}
	EndGlobalSection
EndGlobal
